
Microsoft Visual Studio Solution File, Format Version 12.00
# Visual Studio Version 17
VisualStudioVersion = 17.1.32228.430
MinimumVisualStudioVersion = 10.0.40219.1
Project("{FAE04EC0-301F-11D3-BF4B-00C04F79EFBC}") = "Loops", "Loops.csproj", "{D6126848-4264-4B2D-A6E3-622EF5ECBB69}"
EndProject
Global
	GlobalSection(SolutionConfigurationPlatforms) = preSolution
		Debug|Any CPU = Debug|Any CPU
		Release|Any CPU = Release|Any CPU
	EndGlobalSection
	GlobalSection(ProjectConfigurationPlatforms) = postSolution
		{D6126848-4264-4B2D-A6E3-622EF5ECBB69}.Debug|Any CPU.ActiveCfg = Debug|Any CPU
		{D6126848-4264-4B2D-A6E3-622EF5ECBB69}.Debug|Any CPU.Build.0 = Debug|Any CPU
		{D6126848-4264-4B2D-A6E3-622EF5ECBB69}.Release|Any CPU.ActiveCfg = Release|Any CPU
		{D6126848-4264-4B2D-A6E3-622EF5ECBB69}.Release|Any CPU.Build.0 = Release|Any CPU
	EndGlobalSection
	GlobalSection(SolutionProperties) = preSolution
		HideSolutionNode = FALSE
	EndGlobalSection
	GlobalSection(ExtensibilityGlobals) = postSolution
		SolutionGuid = {39201542-44B5-4BB4-8ACD-5F126981EC7C}
	EndGlobalSection
EndGlobal
